
Microsoft Visual Studio Solution File, Format Version 12.00
# Visual Studio 15
VisualStudioVersion = 15.0.28307.1622
MinimumVisualStudioVersion = 10.0.40219.1
Project("{8BC9CEB8-8B4A-11D0-8D11-00A0C91BC942}") = "CubesAndPolygons", "CubesAndPolygons\CubesAndPolygons.vcxproj", "{5C067603-DA8B-4D40-BCEB-57E0671CE50C}"
EndProject
Global
	GlobalSection(SolutionConfigurationPlatforms) = preSolution
		Debug|x64 = Debug|x64
		Debug|x86 = Debug|x86
		Release|x64 = Release|x64
		Release|x86 = Release|x86
	EndGlobalSection
	GlobalSection(ProjectConfigurationPlatforms) = postSolution
		{5C067603-DA8B-4D40-BCEB-57E0671CE50C}.Debug|x64.ActiveCfg = Debug|x64
		{5C067603-DA8B-4D40-BCEB-57E0671CE50C}.Debug|x64.Build.0 = Debug|x64
		{5C067603-DA8B-4D40-BCEB-57E0671CE50C}.Debug|x86.ActiveCfg = Debug|Win32
		{5C067603-DA8B-4D40-BCEB-57E0671CE50C}.Debug|x86.Build.0 = Debug|Win32
		{5C067603-DA8B-4D40-BCEB-57E0671CE50C}.Release|x64.ActiveCfg = Release|x64
		{5C067603-DA8B-4D40-BCEB-57E0671CE50C}.Release|x64.Build.0 = Release|x64
		{5C067603-DA8B-4D40-BCEB-57E0671CE50C}.Release|x86.ActiveCfg = Release|Win32
		{5C067603-DA8B-4D40-BCEB-57E0671CE50C}.Release|x86.Build.0 = Release|Win32
	EndGlobalSection
	GlobalSection(SolutionProperties) = preSolution
		HideSolutionNode = FALSE
	EndGlobalSection
	GlobalSection(ExtensibilityGlobals) = postSolution
		SolutionGuid = {D4D7D3C7-7865-47BF-B5E1-341313CD3014}
	EndGlobalSection
EndGlobal
